
Microsoft Visual Studio Solution File, Format Version 12.00
# Visual Studio Version 16
VisualStudioVersion = 16.0.29123.88
MinimumVisualStudioVersion = 10.0.40219.1
Project("{FAE04EC0-301F-11D3-BF4B-00C04F79EFBC}") = "SecretSanta.Cmd", "SecretSanta.Cmd\SecretSanta.Cmd.csproj", "{AE064300-906A-4155-ACAE-2AE7B31B081F}"
EndProject
Project("{FAE04EC0-301F-11D3-BF4B-00C04F79EFBC}") = "SecretSanta.Gen", "SecretSanta.Gen\SecretSanta.Gen.csproj", "{B4CA9F61-CC30-4119-944D-13CBDFACEE09}"
EndProject
Project("{E24C65DC-7377-472B-9ABA-BC803B73C61A}") = "SecretSanta.Site", "SecretSanta.Site\", "{BC6E9EDA-D81E-4FF3-9843-BE06A6B7A132}"
	ProjectSection(WebsiteProperties) = preProject
		TargetFrameworkMoniker = ".NETFramework,Version%3Dv4.5.2"
		Debug.AspNetCompiler.VirtualPath = "/localhost_12310"
		Debug.AspNetCompiler.PhysicalPath = "SecretSanta.Site\"
		Debug.AspNetCompiler.TargetPath = "PrecompiledWeb\localhost_12310\"
		Debug.AspNetCompiler.Updateable = "true"
		Debug.AspNetCompiler.ForceOverwrite = "true"
		Debug.AspNetCompiler.FixedNames = "false"
		Debug.AspNetCompiler.Debug = "True"
		Release.AspNetCompiler.VirtualPath = "/localhost_12310"
		Release.AspNetCompiler.PhysicalPath = "SecretSanta.Site\"
		Release.AspNetCompiler.TargetPath = "PrecompiledWeb\localhost_12310\"
		Release.AspNetCompiler.Updateable = "true"
		Release.AspNetCompiler.ForceOverwrite = "true"
		Release.AspNetCompiler.FixedNames = "false"
		Release.AspNetCompiler.Debug = "False"
		VWDPort = "12310"
		SlnRelativePath = "SecretSanta.Site\"
	EndProjectSection
EndProject
Global
	GlobalSection(SolutionConfigurationPlatforms) = preSolution
		Debug|Any CPU = Debug|Any CPU
		Release|Any CPU = Release|Any CPU
	EndGlobalSection
	GlobalSection(ProjectConfigurationPlatforms) = postSolution
		{AE064300-906A-4155-ACAE-2AE7B31B081F}.Debug|Any CPU.ActiveCfg = Debug|Any CPU
		{AE064300-906A-4155-ACAE-2AE7B31B081F}.Debug|Any CPU.Build.0 = Debug|Any CPU
		{AE064300-906A-4155-ACAE-2AE7B31B081F}.Release|Any CPU.ActiveCfg = Release|Any CPU
		{AE064300-906A-4155-ACAE-2AE7B31B081F}.Release|Any CPU.Build.0 = Release|Any CPU
		{B4CA9F61-CC30-4119-944D-13CBDFACEE09}.Debug|Any CPU.ActiveCfg = Debug|Any CPU
		{B4CA9F61-CC30-4119-944D-13CBDFACEE09}.Debug|Any CPU.Build.0 = Debug|Any CPU
		{B4CA9F61-CC30-4119-944D-13CBDFACEE09}.Release|Any CPU.ActiveCfg = Release|Any CPU
		{B4CA9F61-CC30-4119-944D-13CBDFACEE09}.Release|Any CPU.Build.0 = Release|Any CPU
		{BC6E9EDA-D81E-4FF3-9843-BE06A6B7A132}.Debug|Any CPU.ActiveCfg = Debug|Any CPU
		{BC6E9EDA-D81E-4FF3-9843-BE06A6B7A132}.Debug|Any CPU.Build.0 = Debug|Any CPU
		{BC6E9EDA-D81E-4FF3-9843-BE06A6B7A132}.Release|Any CPU.ActiveCfg = Debug|Any CPU
		{BC6E9EDA-D81E-4FF3-9843-BE06A6B7A132}.Release|Any CPU.Build.0 = Debug|Any CPU
	EndGlobalSection
	GlobalSection(SolutionProperties) = preSolution
		HideSolutionNode = FALSE
	EndGlobalSection
	GlobalSection(ExtensibilityGlobals) = postSolution
		SolutionGuid = {E047FE77-DE1D-4C70-92FF-F0380318C280}
	EndGlobalSection
EndGlobal
